// !$*UTF8*$!
{
	archiveVersion = 1;
	classes = {
	};
	objectVersion = 52;
	objects = {

/* Begin PBXBuildFile section */
		8CCAFD6D25C32BBE0047BA94 /* Apollo in Frameworks */ = {isa = PBXBuildFile; productRef = 8CCAFD6C25C32BBE0047BA94 /* Apollo */; };
		8CCAFD7A25C32E360047BA94 /* RepoHeaderView.swift in Sources */ = {isa = PBXBuildFile; fileRef = 8CCAFD7425C32E360047BA94 /* RepoHeaderView.swift */; };
		8CCAFD7C25C32E360047BA94 /* RepoItem.swift in Sources */ = {isa = PBXBuildFile; fileRef = 8CCAFD7625C32E360047BA94 /* RepoItem.swift */; };
		8CCAFD7D25C32E360047BA94 /* RepoHeaderView.xib in Resources */ = {isa = PBXBuildFile; fileRef = 8CCAFD7725C32E360047BA94 /* RepoHeaderView.xib */; };
		8CCAFD7E25C32E360047BA94 /* RepoItemCell.xib in Resources */ = {isa = PBXBuildFile; fileRef = 8CCAFD7825C32E360047BA94 /* RepoItemCell.xib */; };
		8CCAFD7F25C32E360047BA94 /* RepositoryTableViewCell.swift in Sources */ = {isa = PBXBuildFile; fileRef = 8CCAFD7925C32E360047BA94 /* RepositoryTableViewCell.swift */; };
		8CCAFD9425C332490047BA94 /* CodeViewController.graphql in Resources */ = {isa = PBXBuildFile; fileRef = 8CCAFD8F25C332490047BA94 /* CodeViewController.graphql */; };
		8CCAFD9525C332490047BA94 /* RepoListController.graphql in Resources */ = {isa = PBXBuildFile; fileRef = 8CCAFD9025C332490047BA94 /* RepoListController.graphql */; };
		8CCAFD9625C332490047BA94 /* IssuesViewController.graphql in Resources */ = {isa = PBXBuildFile; fileRef = 8CCAFD9125C332490047BA94 /* IssuesViewController.graphql */; };
		8CCAFD9725C332490047BA94 /* RepositoryActions.graphql in Resources */ = {isa = PBXBuildFile; fileRef = 8CCAFD9225C332490047BA94 /* RepositoryActions.graphql */; };
		8CCAFD9825C332490047BA94 /* PullRequestsViewController.graphql in Resources */ = {isa = PBXBuildFile; fileRef = 8CCAFD9325C332490047BA94 /* PullRequestsViewController.graphql */; };
		8CCAFD9B25C33B7A0047BA94 /* schema.json in Resources */ = {isa = PBXBuildFile; fileRef = 8CCAFD9A25C33B7A0047BA94 /* schema.json */; };
		8CCAFDAF25C3426A0047BA94 /* Colors.swift in Sources */ = {isa = PBXBuildFile; fileRef = 8CCAFDAB25C341EF0047BA94 /* Colors.swift */; };
		8CCAFDB225C344660047BA94 /* Networking.swift in Sources */ = {isa = PBXBuildFile; fileRef = 8CCAFDB125C344660047BA94 /* Networking.swift */; };
		8CCAFDC125C34D870047BA94 /* CodeViewController.swift in Sources */ = {isa = PBXBuildFile; fileRef = 8CCAFDBB25C34D870047BA94 /* CodeViewController.swift */; };
		8CCAFDC225C34D870047BA94 /* RepositoryTabViewController.swift in Sources */ = {isa = PBXBuildFile; fileRef = 8CCAFDBC25C34D870047BA94 /* RepositoryTabViewController.swift */; };
		8CCAFDC425C34D870047BA94 /* PullRequestsViewController.swift in Sources */ = {isa = PBXBuildFile; fileRef = 8CCAFDBE25C34D870047BA94 /* PullRequestsViewController.swift */; };
		8CCAFDC525C34D870047BA94 /* RepositoriesViewController.swift in Sources */ = {isa = PBXBuildFile; fileRef = 8CCAFDBF25C34D870047BA94 /* RepositoriesViewController.swift */; };
		8CCAFDC625C34D870047BA94 /* IssuesViewController.swift in Sources */ = {isa = PBXBuildFile; fileRef = 8CCAFDC025C34D870047BA94 /* IssuesViewController.swift */; };
		8CCAFDD725C377E00047BA94 /* API.swift in Sources */ = {isa = PBXBuildFile; fileRef = 8CCAFDD625C377E00047BA94 /* API.swift */; };
		8CF624FC25BF164D00DBC329 /* AppDelegate.swift in Sources */ = {isa = PBXBuildFile; fileRef = 8CF624FB25BF164D00DBC329 /* AppDelegate.swift */; };
		8CF624FE25BF164D00DBC329 /* SceneDelegate.swift in Sources */ = {isa = PBXBuildFile; fileRef = 8CF624FD25BF164D00DBC329 /* SceneDelegate.swift */; };
		8CF6250325BF164D00DBC329 /* Main.storyboard in Resources */ = {isa = PBXBuildFile; fileRef = 8CF6250125BF164D00DBC329 /* Main.storyboard */; };
		8CF6250525BF164D00DBC329 /* Assets.xcassets in Resources */ = {isa = PBXBuildFile; fileRef = 8CF6250425BF164D00DBC329 /* Assets.xcassets */; };
		8CF6250825BF164D00DBC329 /* LaunchScreen.storyboard in Resources */ = {isa = PBXBuildFile; fileRef = 8CF6250625BF164D00DBC329 /* LaunchScreen.storyboard */; };
/* End PBXBuildFile section */

/* Begin PBXFileReference section */
		8CCAFD7425C32E360047BA94 /* RepoHeaderView.swift */ = {isa = PBXFileReference; fileEncoding = 4; lastKnownFileType = sourcecode.swift; path = RepoHeaderView.swift; sourceTree = "<group>"; };
		8CCAFD7625C32E360047BA94 /* RepoItem.swift */ = {isa = PBXFileReference; fileEncoding = 4; lastKnownFileType = sourcecode.swift; path = RepoItem.swift; sourceTree = "<group>"; };
		8CCAFD7725C32E360047BA94 /* RepoHeaderView.xib */ = {isa = PBXFileReference; fileEncoding = 4; lastKnownFileType = file.xib; path = RepoHeaderView.xib; sourceTree = "<group>"; };
		8CCAFD7825C32E360047BA94 /* RepoItemCell.xib */ = {isa = PBXFileReference; fileEncoding = 4; lastKnownFileType = file.xib; path = RepoItemCell.xib; sourceTree = "<group>"; };
		8CCAFD7925C32E360047BA94 /* RepositoryTableViewCell.swift */ = {isa = PBXFileReference; fileEncoding = 4; lastKnownFileType = sourcecode.swift; path = RepositoryTableViewCell.swift; sourceTree = "<group>"; };
		8CCAFD8F25C332490047BA94 /* CodeViewController.graphql */ = {isa = PBXFileReference; fileEncoding = 4; lastKnownFileType = text; path = CodeViewController.graphql; sourceTree = "<group>"; };
		8CCAFD9025C332490047BA94 /* RepoListController.graphql */ = {isa = PBXFileReference; fileEncoding = 4; lastKnownFileType = text; path = RepoListController.graphql; sourceTree = "<group>"; };
		8CCAFD9125C332490047BA94 /* IssuesViewController.graphql */ = {isa = PBXFileReference; fileEncoding = 4; lastKnownFileType = text; path = IssuesViewController.graphql; sourceTree = "<group>"; };
		8CCAFD9225C332490047BA94 /* RepositoryActions.graphql */ = {isa = PBXFileReference; fileEncoding = 4; lastKnownFileType = text; path = RepositoryActions.graphql; sourceTree = "<group>"; };
		8CCAFD9325C332490047BA94 /* PullRequestsViewController.graphql */ = {isa = PBXFileReference; fileEncoding = 4; lastKnownFileType = text; path = PullRequestsViewController.graphql; sourceTree = "<group>"; };
		8CCAFD9A25C33B7A0047BA94 /* schema.json */ = {isa = PBXFileReference; fileEncoding = 4; lastKnownFileType = text.json; path = schema.json; sourceTree = "<group>"; };
		8CCAFDAB25C341EF0047BA94 /* Colors.swift */ = {isa = PBXFileReference; fileEncoding = 4; lastKnownFileType = sourcecode.swift; path = Colors.swift; sourceTree = "<group>"; };
		8CCAFDB125C344660047BA94 /* Networking.swift */ = {isa = PBXFileReference; lastKnownFileType = sourcecode.swift; path = Networking.swift; sourceTree = "<group>"; };
		8CCAFDBB25C34D870047BA94 /* CodeViewController.swift */ = {isa = PBXFileReference; fileEncoding = 4; lastKnownFileType = sourcecode.swift; path = CodeViewController.swift; sourceTree = "<group>"; };
		8CCAFDBC25C34D870047BA94 /* RepositoryTabViewController.swift */ = {isa = PBXFileReference; fileEncoding = 4; lastKnownFileType = sourcecode.swift; path = RepositoryTabViewController.swift; sourceTree = "<group>"; };
		8CCAFDBE25C34D870047BA94 /* PullRequestsViewController.swift */ = {isa = PBXFileReference; fileEncoding = 4; lastKnownFileType = sourcecode.swift; path = PullRequestsViewController.swift; sourceTree = "<group>"; };
		8CCAFDBF25C34D870047BA94 /* RepositoriesViewController.swift */ = {isa = PBXFileReference; fileEncoding = 4; lastKnownFileType = sourcecode.swift; path = RepositoriesViewController.swift; sourceTree = "<group>"; };
		8CCAFDC025C34D870047BA94 /* IssuesViewController.swift */ = {isa = PBXFileReference; fileEncoding = 4; lastKnownFileType = sourcecode.swift; path = IssuesViewController.swift; sourceTree = "<group>"; };
		8CCAFDD625C377E00047BA94 /* API.swift */ = {isa = PBXFileReference; fileEncoding = 4; lastKnownFileType = sourcecode.swift; path = API.swift; sourceTree = "<group>"; };
		8CF624F825BF164D00DBC329 /* GitMotor.app */ = {isa = PBXFileReference; explicitFileType = wrapper.application; includeInIndex = 0; path = GitMotor.app; sourceTree = BUILT_PRODUCTS_DIR; };
		8CF624FB25BF164D00DBC329 /* AppDelegate.swift */ = {isa = PBXFileReference; lastKnownFileType = sourcecode.swift; path = AppDelegate.swift; sourceTree = "<group>"; };
		8CF624FD25BF164D00DBC329 /* SceneDelegate.swift */ = {isa = PBXFileReference; lastKnownFileType = sourcecode.swift; path = SceneDelegate.swift; sourceTree = "<group>"; };
		8CF6250225BF164D00DBC329 /* Base */ = {isa = PBXFileReference; lastKnownFileType = file.storyboard; name = Base; path = Base.lproj/Main.storyboard; sourceTree = "<group>"; };
		8CF6250425BF164D00DBC329 /* Assets.xcassets */ = {isa = PBXFileReference; lastKnownFileType = folder.assetcatalog; path = Assets.xcassets; sourceTree = "<group>"; };
		8CF6250725BF164D00DBC329 /* Base */ = {isa = PBXFileReference; lastKnownFileType = file.storyboard; name = Base; path = Base.lproj/LaunchScreen.storyboard; sourceTree = "<group>"; };
		8CF6250925BF164D00DBC329 /* Info.plist */ = {isa = PBXFileReference; lastKnownFileType = text.plist.xml; path = Info.plist; sourceTree = "<group>"; };
/* End PBXFileReference section */

/* Begin PBXFrameworksBuildPhase section */
		8CF624F525BF164D00DBC329 /* Frameworks */ = {
			isa = PBXFrameworksBuildPhase;
			buildActionMask = 2147483647;
			files = (
				8CCAFD6D25C32BBE0047BA94 /* Apollo in Frameworks */,
			);
			runOnlyForDeploymentPostprocessing = 0;
		};
/* End PBXFrameworksBuildPhase section */

/* Begin PBXGroup section */
		8CCAFD6F25C32BFD0047BA94 /* Application */ = {
			isa = PBXGroup;
			children = (
				8CF624FB25BF164D00DBC329 /* AppDelegate.swift */,
				8CF6250925BF164D00DBC329 /* Info.plist */,
				8CF624FD25BF164D00DBC329 /* SceneDelegate.swift */,
			);
			name = Application;
			sourceTree = "<group>";
		};
		8CCAFD7025C32C360047BA94 /* Storyboards */ = {
			isa = PBXGroup;
			children = (
				8CF6250125BF164D00DBC329 /* Main.storyboard */,
				8CF6250625BF164D00DBC329 /* LaunchScreen.storyboard */,
			);
			name = Storyboards;
			sourceTree = "<group>";
		};
		8CCAFD7125C32C560047BA94 /* Assets */ = {
			isa = PBXGroup;
			children = (
				8CF6250425BF164D00DBC329 /* Assets.xcassets */,
			);
			path = Assets;
			sourceTree = "<group>";
		};
		8CCAFD7225C32C690047BA94 /* Controllers */ = {
			isa = PBXGroup;
			children = (
				8CCAFDB825C34D490047BA94 /* Code */,
				8CCAFDB925C34D4D0047BA94 /* Issues */,
				8CCAFDBA25C34D530047BA94 /* PullRequests */,
				8CCAFDB725C34D210047BA94 /* Repositories */,
				8CCAFDBC25C34D870047BA94 /* RepositoryTabViewController.swift */,
			);
			path = Controllers;
			sourceTree = "<group>";
		};
		8CCAFD8125C32E420047BA94 /* Views */ = {
			isa = PBXGroup;
			children = (
				8CCAFD8C25C330F50047BA94 /* RepoDetailCell */,
				8CCAFD8B25C330EC0047BA94 /* RepoHeader */,
				8CCAFD8A25C330AF0047BA94 /* RepoCell */,
			);
			path = Views;
			sourceTree = "<group>";
		};
		8CCAFD8425C32ED80047BA94 /* Utils */ = {
			isa = PBXGroup;
			children = (
				8CCAFDAB25C341EF0047BA94 /* Colors.swift */,
			);
			path = Utils;
			sourceTree = "<group>";
		};
		8CCAFD8A25C330AF0047BA94 /* RepoCell */ = {
			isa = PBXGroup;
			children = (
				8CCAFD7925C32E360047BA94 /* RepositoryTableViewCell.swift */,
			);
			path = RepoCell;
			sourceTree = "<group>";
		};
		8CCAFD8B25C330EC0047BA94 /* RepoHeader */ = {
			isa = PBXGroup;
			children = (
				8CCAFD7425C32E360047BA94 /* RepoHeaderView.swift */,
				8CCAFD7725C32E360047BA94 /* RepoHeaderView.xib */,
			);
			path = RepoHeader;
			sourceTree = "<group>";
		};
		8CCAFD8C25C330F50047BA94 /* RepoDetailCell */ = {
			isa = PBXGroup;
			children = (
				8CCAFD7625C32E360047BA94 /* RepoItem.swift */,
				8CCAFD7825C32E360047BA94 /* RepoItemCell.xib */,
			);
			path = RepoDetailCell;
			sourceTree = "<group>";
		};
		8CCAFD8E25C331FC0047BA94 /* API */ = {
			isa = PBXGroup;
			children = (
				8CCAFDD625C377E00047BA94 /* API.swift */,
				8CCAFD8F25C332490047BA94 /* CodeViewController.graphql */,
				8CCAFD9125C332490047BA94 /* IssuesViewController.graphql */,
				8CCAFDB125C344660047BA94 /* Networking.swift */,
				8CCAFD9325C332490047BA94 /* PullRequestsViewController.graphql */,
				8CCAFD9025C332490047BA94 /* RepoListController.graphql */,
				8CCAFD9225C332490047BA94 /* RepositoryActions.graphql */,
				8CCAFD9A25C33B7A0047BA94 /* schema.json */,
			);
			path = API;
			sourceTree = "<group>";
		};
		8CCAFDB725C34D210047BA94 /* Repositories */ = {
			isa = PBXGroup;
			children = (
				8CCAFDBF25C34D870047BA94 /* RepositoriesViewController.swift */,
			);
			path = Repositories;
			sourceTree = "<group>";
		};
		8CCAFDB825C34D490047BA94 /* Code */ = {
			isa = PBXGroup;
			children = (
				8CCAFDBB25C34D870047BA94 /* CodeViewController.swift */,
			);
			path = Code;
			sourceTree = "<group>";
		};
		8CCAFDB925C34D4D0047BA94 /* Issues */ = {
			isa = PBXGroup;
			children = (
				8CCAFDC025C34D870047BA94 /* IssuesViewController.swift */,
			);
			path = Issues;
			sourceTree = "<group>";
		};
		8CCAFDBA25C34D530047BA94 /* PullRequests */ = {
			isa = PBXGroup;
			children = (
				8CCAFDBE25C34D870047BA94 /* PullRequestsViewController.swift */,
			);
			path = PullRequests;
			sourceTree = "<group>";
		};
		8CF624EF25BF164D00DBC329 = {
			isa = PBXGroup;
			children = (
				8CF624FA25BF164D00DBC329 /* GitMotor */,
				8CF624F925BF164D00DBC329 /* Products */,
			);
			sourceTree = "<group>";
		};
		8CF624F925BF164D00DBC329 /* Products */ = {
			isa = PBXGroup;
			children = (
				8CF624F825BF164D00DBC329 /* GitMotor.app */,
			);
			name = Products;
			sourceTree = "<group>";
		};
		8CF624FA25BF164D00DBC329 /* GitMotor */ = {
			isa = PBXGroup;
			children = (
				8CCAFD8E25C331FC0047BA94 /* API */,
				8CCAFD6F25C32BFD0047BA94 /* Application */,
				8CCAFD7125C32C560047BA94 /* Assets */,
				8CCAFD7225C32C690047BA94 /* Controllers */,
				8CCAFD7025C32C360047BA94 /* Storyboards */,
				8CCAFD8425C32ED80047BA94 /* Utils */,
				8CCAFD8125C32E420047BA94 /* Views */,
			);
			path = GitMotor;
			sourceTree = "<group>";
		};
/* End PBXGroup section */

/* Begin PBXNativeTarget section */
		8CF624F725BF164D00DBC329 /* GitMotor */ = {
			isa = PBXNativeTarget;
			buildConfigurationList = 8CF6250C25BF164D00DBC329 /* Build configuration list for PBXNativeTarget "GitMotor" */;
			buildPhases = (
				8CCAFD9D25C33CBA0047BA94 /* Generate Apollo GraphQL API */,
				8CF624F425BF164D00DBC329 /* Sources */,
				8CF624F525BF164D00DBC329 /* Frameworks */,
				8CF624F625BF164D00DBC329 /* Resources */,
			);
			buildRules = (
			);
			dependencies = (
			);
			name = GitMotor;
			packageProductDependencies = (
				8CCAFD6C25C32BBE0047BA94 /* Apollo */,
			);
			productName = GitMotor;
			productReference = 8CF624F825BF164D00DBC329 /* GitMotor.app */;
			productType = "com.apple.product-type.application";
		};
/* End PBXNativeTarget section */

/* Begin PBXProject section */
		8CF624F025BF164D00DBC329 /* Project object */ = {
			isa = PBXProject;
			attributes = {
				LastSwiftUpdateCheck = 1230;
				LastUpgradeCheck = 1230;
				TargetAttributes = {
					8CF624F725BF164D00DBC329 = {
						CreatedOnToolsVersion = 12.3;
					};
				};
			};
			buildConfigurationList = 8CF624F325BF164D00DBC329 /* Build configuration list for PBXProject "GitMotor" */;
			compatibilityVersion = "Xcode 9.3";
			developmentRegion = en;
			hasScannedForEncodings = 0;
			knownRegions = (
				en,
				Base,
			);
			mainGroup = 8CF624EF25BF164D00DBC329;
			packageReferences = (
				8CCAFD6B25C32BBE0047BA94 /* XCRemoteSwiftPackageReference "apollo-ios" */,
			);
			productRefGroup = 8CF624F925BF164D00DBC329 /* Products */;
			projectDirPath = "";
			projectRoot = "";
			targets = (
				8CF624F725BF164D00DBC329 /* GitMotor */,
			);
		};
/* End PBXProject section */

/* Begin PBXResourcesBuildPhase section */
		8CF624F625BF164D00DBC329 /* Resources */ = {
			isa = PBXResourcesBuildPhase;
			buildActionMask = 2147483647;
			files = (
				8CCAFD7E25C32E360047BA94 /* RepoItemCell.xib in Resources */,
				8CCAFD9825C332490047BA94 /* PullRequestsViewController.graphql in Resources */,
				8CF6250825BF164D00DBC329 /* LaunchScreen.storyboard in Resources */,
				8CCAFD9725C332490047BA94 /* RepositoryActions.graphql in Resources */,
				8CCAFD7D25C32E360047BA94 /* RepoHeaderView.xib in Resources */,
				8CCAFD9525C332490047BA94 /* RepoListController.graphql in Resources */,
				8CCAFD9B25C33B7A0047BA94 /* schema.json in Resources */,
				8CCAFD9625C332490047BA94 /* IssuesViewController.graphql in Resources */,
				8CCAFD9425C332490047BA94 /* CodeViewController.graphql in Resources */,
				8CF6250525BF164D00DBC329 /* Assets.xcassets in Resources */,
				8CF6250325BF164D00DBC329 /* Main.storyboard in Resources */,
			);
			runOnlyForDeploymentPostprocessing = 0;
		};
/* End PBXResourcesBuildPhase section */

/* Begin PBXShellScriptBuildPhase section */
		8CCAFD9D25C33CBA0047BA94 /* Generate Apollo GraphQL API */ = {
			isa = PBXShellScriptBuildPhase;
			buildActionMask = 2147483647;
			files = (
			);
			inputFileListPaths = (
			);
			inputPaths = (
			);
			name = "Generate Apollo GraphQL API";
			outputFileListPaths = (
			);
			outputPaths = (
			);
			runOnlyForDeploymentPostprocessing = 0;
			shellPath = /bin/sh;
			shellScript = "# Go to the build root and search up the chain to find the Derived Data Path where the source packages are checked out.\nDERIVED_DATA_CANDIDATE=\"${BUILD_ROOT}\"\n\nwhile ! [ -d \"${DERIVED_DATA_CANDIDATE}/SourcePackages\" ]; do\n  if [ \"${DERIVED_DATA_CANDIDATE}\" = / ]; then\n    echo >&2 \"error: Unable to locate SourcePackages directory from BUILD_ROOT: '${BUILD_ROOT}'\"\n    exit 1\n  fi\n\n  DERIVED_DATA_CANDIDATE=\"$(dirname \"${DERIVED_DATA_CANDIDATE}\")\"\ndone\n\n# Grab a reference to the directory where scripts are checked out\nSCRIPT_PATH=\"${DERIVED_DATA_CANDIDATE}/SourcePackages/checkouts/apollo-ios/scripts\"\n\nif [ -z \"${SCRIPT_PATH}\" ]; then\n    echo >&2 \"error: Couldn't find the CLI script in your checked out SPM packages; make sure to add the framework to your project.\"\n    exit 1\nfi\n\ncd \"${SRCROOT}/${TARGET_NAME}/API\"\n\"${SCRIPT_PATH}\"/run-bundled-codegen.sh codegen:generate --target=swift --includes=./**/*.graphql --localSchemaFile=\"schema.json\" API.swift\n";
		};
/* End PBXShellScriptBuildPhase section */

/* Begin PBXSourcesBuildPhase section */
		8CF624F425BF164D00DBC329 /* Sources */ = {
			isa = PBXSourcesBuildPhase;
			buildActionMask = 2147483647;
			files = (
				8CCAFDC625C34D870047BA94 /* IssuesViewController.swift in Sources */,
				8CCAFDAF25C3426A0047BA94 /* Colors.swift in Sources */,
				8CCAFD7A25C32E360047BA94 /* RepoHeaderView.swift in Sources */,
				8CCAFDC125C34D870047BA94 /* CodeViewController.swift in Sources */,
				8CCAFDB225C344660047BA94 /* Networking.swift in Sources */,
				8CCAFD7F25C32E360047BA94 /* RepositoryTableViewCell.swift in Sources */,
				8CCAFD7C25C32E360047BA94 /* RepoItem.swift in Sources */,
				8CCAFDC425C34D870047BA94 /* PullRequestsViewController.swift in Sources */,
				8CCAFDD725C377E00047BA94 /* API.swift in Sources */,
				8CF624FC25BF164D00DBC329 /* AppDelegate.swift in Sources */,
				8CCAFDC225C34D870047BA94 /* RepositoryTabViewController.swift in Sources */,
				8CCAFDC525C34D870047BA94 /* RepositoriesViewController.swift in Sources */,
				8CF624FE25BF164D00DBC329 /* SceneDelegate.swift in Sources */,
			);
			runOnlyForDeploymentPostprocessing = 0;
		};
/* End PBXSourcesBuildPhase section */

/* Begin PBXVariantGroup section */
		8CF6250125BF164D00DBC329 /* Main.storyboard */ = {
			isa = PBXVariantGroup;
			children = (
				8CF6250225BF164D00DBC329 /* Base */,
			);
			name = Main.storyboard;
			sourceTree = "<group>";
		};
		8CF6250625BF164D00DBC329 /* LaunchScreen.storyboard */ = {
			isa = PBXVariantGroup;
			children = (
				8CF6250725BF164D00DBC329 /* Base */,
			);
			name = LaunchScreen.storyboard;
			sourceTree = "<group>";
		};
/* End PBXVariantGroup section */

/* Begin XCBuildConfiguration section */
		8CF6250A25BF164D00DBC329 /* Debug */ = {
			isa = XCBuildConfiguration;
			buildSettings = {
				ALWAYS_SEARCH_USER_PATHS = NO;
				CLANG_ANALYZER_NONNULL = YES;
				CLANG_ANALYZER_NUMBER_OBJECT_CONVERSION = YES_AGGRESSIVE;
				CLANG_CXX_LANGUAGE_STANDARD = "gnu++14";
				CLANG_CXX_LIBRARY = "libc++";
				CLANG_ENABLE_MODULES = YES;
				CLANG_ENABLE_OBJC_ARC = YES;
				CLANG_ENABLE_OBJC_WEAK = YES;
				CLANG_WARN_BLOCK_CAPTURE_AUTORELEASING = YES;
				CLANG_WARN_BOOL_CONVERSION = YES;
				CLANG_WARN_COMMA = YES;
				CLANG_WARN_CONSTANT_CONVERSION = YES;
				CLANG_WARN_DEPRECATED_OBJC_IMPLEMENTATIONS = YES;
				CLANG_WARN_DIRECT_OBJC_ISA_USAGE = YES_ERROR;
				CLANG_WARN_DOCUMENTATION_COMMENTS = YES;
				CLANG_WARN_EMPTY_BODY = YES;
				CLANG_WARN_ENUM_CONVERSION = YES;
				CLANG_WARN_INFINITE_RECURSION = YES;
				CLANG_WARN_INT_CONVERSION = YES;
				CLANG_WARN_NON_LITERAL_NULL_CONVERSION = YES;
				CLANG_WARN_OBJC_IMPLICIT_RETAIN_SELF = YES;
				CLANG_WARN_OBJC_LITERAL_CONVERSION = YES;
				CLANG_WARN_OBJC_ROOT_CLASS = YES_ERROR;
				CLANG_WARN_QUOTED_INCLUDE_IN_FRAMEWORK_HEADER = YES;
				CLANG_WARN_RANGE_LOOP_ANALYSIS = YES;
				CLANG_WARN_STRICT_PROTOTYPES = YES;
				CLANG_WARN_SUSPICIOUS_MOVE = YES;
				CLANG_WARN_UNGUARDED_AVAILABILITY = YES_AGGRESSIVE;
				CLANG_WARN_UNREACHABLE_CODE = YES;
				CLANG_WARN__DUPLICATE_METHOD_MATCH = YES;
				COPY_PHASE_STRIP = NO;
				DEBUG_INFORMATION_FORMAT = dwarf;
				ENABLE_STRICT_OBJC_MSGSEND = YES;
				ENABLE_TESTABILITY = YES;
				GCC_C_LANGUAGE_STANDARD = gnu11;
				GCC_DYNAMIC_NO_PIC = NO;
				GCC_NO_COMMON_BLOCKS = YES;
				GCC_OPTIMIZATION_LEVEL = 0;
				GCC_PREPROCESSOR_DEFINITIONS = (
					"DEBUG=1",
					"$(inherited)",
				);
				GCC_WARN_64_TO_32_BIT_CONVERSION = YES;
				GCC_WARN_ABOUT_RETURN_TYPE = YES_ERROR;
				GCC_WARN_UNDECLARED_SELECTOR = YES;
				GCC_WARN_UNINITIALIZED_AUTOS = YES_AGGRESSIVE;
				GCC_WARN_UNUSED_FUNCTION = YES;
				GCC_WARN_UNUSED_VARIABLE = YES;
				IPHONEOS_DEPLOYMENT_TARGET = 14.3;
				MTL_ENABLE_DEBUG_INFO = INCLUDE_SOURCE;
				MTL_FAST_MATH = YES;
				ONLY_ACTIVE_ARCH = YES;
				SDKROOT = iphoneos;
				SWIFT_ACTIVE_COMPILATION_CONDITIONS = DEBUG;
				SWIFT_OPTIMIZATION_LEVEL = "-Onone";
			};
			name = Debug;
		};
		8CF6250B25BF164D00DBC329 /* Release */ = {
			isa = XCBuildConfiguration;
			buildSettings = {
				ALWAYS_SEARCH_USER_PATHS = NO;
				CLANG_ANALYZER_NONNULL = YES;
				CLANG_ANALYZER_NUMBER_OBJECT_CONVERSION = YES_AGGRESSIVE;
				CLANG_CXX_LANGUAGE_STANDARD = "gnu++14";
				CLANG_CXX_LIBRARY = "libc++";
				CLANG_ENABLE_MODULES = YES;
				CLANG_ENABLE_OBJC_ARC = YES;
				CLANG_ENABLE_OBJC_WEAK = YES;
				CLANG_WARN_BLOCK_CAPTURE_AUTORELEASING = YES;
				CLANG_WARN_BOOL_CONVERSION = YES;
				CLANG_WARN_COMMA = YES;
				CLANG_WARN_CONSTANT_CONVERSION = YES;
				CLANG_WARN_DEPRECATED_OBJC_IMPLEMENTATIONS = YES;
				CLANG_WARN_DIRECT_OBJC_ISA_USAGE = YES_ERROR;
				CLANG_WARN_DOCUMENTATION_COMMENTS = YES;
				CLANG_WARN_EMPTY_BODY = YES;
				CLANG_WARN_ENUM_CONVERSION = YES;
				CLANG_WARN_INFINITE_RECURSION = YES;
				CLANG_WARN_INT_CONVERSION = YES;
				CLANG_WARN_NON_LITERAL_NULL_CONVERSION = YES;
				CLANG_WARN_OBJC_IMPLICIT_RETAIN_SELF = YES;
				CLANG_WARN_OBJC_LITERAL_CONVERSION = YES;
				CLANG_WARN_OBJC_ROOT_CLASS = YES_ERROR;
				CLANG_WARN_QUOTED_INCLUDE_IN_FRAMEWORK_HEADER = YES;
				CLANG_WARN_RANGE_LOOP_ANALYSIS = YES;
				CLANG_WARN_STRICT_PROTOTYPES = YES;
				CLANG_WARN_SUSPICIOUS_MOVE = YES;
				CLANG_WARN_UNGUARDED_AVAILABILITY = YES_AGGRESSIVE;
				CLANG_WARN_UNREACHABLE_CODE = YES;
				CLANG_WARN__DUPLICATE_METHOD_MATCH = YES;
				COPY_PHASE_STRIP = NO;
				DEBUG_INFORMATION_FORMAT = "dwarf-with-dsym";
				ENABLE_NS_ASSERTIONS = NO;
				ENABLE_STRICT_OBJC_MSGSEND = YES;
				GCC_C_LANGUAGE_STANDARD = gnu11;
				GCC_NO_COMMON_BLOCKS = YES;
				GCC_WARN_64_TO_32_BIT_CONVERSION = YES;
				GCC_WARN_ABOUT_RETURN_TYPE = YES_ERROR;
				GCC_WARN_UNDECLARED_SELECTOR = YES;
				GCC_WARN_UNINITIALIZED_AUTOS = YES_AGGRESSIVE;
				GCC_WARN_UNUSED_FUNCTION = YES;
				GCC_WARN_UNUSED_VARIABLE = YES;
				IPHONEOS_DEPLOYMENT_TARGET = 14.3;
				MTL_ENABLE_DEBUG_INFO = NO;
				MTL_FAST_MATH = YES;
				SDKROOT = iphoneos;
				SWIFT_COMPILATION_MODE = wholemodule;
				SWIFT_OPTIMIZATION_LEVEL = "-O";
				VALIDATE_PRODUCT = YES;
			};
			name = Release;
		};
		8CF6250D25BF164D00DBC329 /* Debug */ = {
			isa = XCBuildConfiguration;
			buildSettings = {
				ASSETCATALOG_COMPILER_APPICON_NAME = AppIcon;
				ASSETCATALOG_COMPILER_GLOBAL_ACCENT_COLOR_NAME = AccentColor;
				CODE_SIGN_STYLE = Automatic;
				DEVELOPMENT_TEAM = JAQ7PTE36G;
				INFOPLIST_FILE = GitMotor/Info.plist;
				LD_RUNPATH_SEARCH_PATHS = (
					"$(inherited)",
					"@executable_path/Frameworks",
				);
				PRODUCT_BUNDLE_IDENTIFIER = procodific.GitMotor;
				PRODUCT_NAME = "$(TARGET_NAME)";
				SWIFT_VERSION = 5.0;
				TARGETED_DEVICE_FAMILY = "1,2";
			};
			name = Debug;
		};
		8CF6250E25BF164D00DBC329 /* Release */ = {
			isa = XCBuildConfiguration;
			buildSettings = {
				ASSETCATALOG_COMPILER_APPICON_NAME = AppIcon;
				ASSETCATALOG_COMPILER_GLOBAL_ACCENT_COLOR_NAME = AccentColor;
				CODE_SIGN_STYLE = Automatic;
				DEVELOPMENT_TEAM = JAQ7PTE36G;
				INFOPLIST_FILE = GitMotor/Info.plist;
				LD_RUNPATH_SEARCH_PATHS = (
					"$(inherited)",
					"@executable_path/Frameworks",
				);
				PRODUCT_BUNDLE_IDENTIFIER = procodific.GitMotor;
				PRODUCT_NAME = "$(TARGET_NAME)";
				SWIFT_VERSION = 5.0;
				TARGETED_DEVICE_FAMILY = "1,2";
			};
			name = Release;
		};
/* End XCBuildConfiguration section */

/* Begin XCConfigurationList section */
		8CF624F325BF164D00DBC329 /* Build configuration list for PBXProject "GitMotor" */ = {
			isa = XCConfigurationList;
			buildConfigurations = (
				8CF6250A25BF164D00DBC329 /* Debug */,
				8CF6250B25BF164D00DBC329 /* Release */,
			);
			defaultConfigurationIsVisible = 0;
			defaultConfigurationName = Release;
		};
		8CF6250C25BF164D00DBC329 /* Build configuration list for PBXNativeTarget "GitMotor" */ = {
			isa = XCConfigurationList;
			buildConfigurations = (
				8CF6250D25BF164D00DBC329 /* Debug */,
				8CF6250E25BF164D00DBC329 /* Release */,
			);
			defaultConfigurationIsVisible = 0;
			defaultConfigurationName = Release;
		};
/* End XCConfigurationList section */

/* Begin XCRemoteSwiftPackageReference section */
		8CCAFD6B25C32BBE0047BA94 /* XCRemoteSwiftPackageReference "apollo-ios" */ = {
			isa = XCRemoteSwiftPackageReference;
			repositoryURL = "git@github.com:apollographql/apollo-ios.git";
			requirement = {
				kind = upToNextMinorVersion;
				minimumVersion = 0.40.0;
			};
		};
/* End XCRemoteSwiftPackageReference section */

/* Begin XCSwiftPackageProductDependency section */
		8CCAFD6C25C32BBE0047BA94 /* Apollo */ = {
			isa = XCSwiftPackageProductDependency;
			package = 8CCAFD6B25C32BBE0047BA94 /* XCRemoteSwiftPackageReference "apollo-ios" */;
			productName = Apollo;
		};
/* End XCSwiftPackageProductDependency section */
	};
	rootObject = 8CF624F025BF164D00DBC329 /* Project object */;
}
